// !$*UTF8*$!
{
	archiveVersion = 1;
	classes = {
	};
	objectVersion = 46;
	objects = {

/* Begin PBXBuildFile section */
		3BA9D89C1BF881D7005C162F /* main.m in Sources */ = {isa = PBXBuildFile; fileRef = 3BA9D89B1BF881D7005C162F /* main.m */; };
		3BA9D89F1BF881D7005C162F /* AppDelegate.m in Sources */ = {isa = PBXBuildFile; fileRef = 3BA9D89E1BF881D7005C162F /* AppDelegate.m */; };
		3BA9D8A21BF881D7005C162F /* ViewController.m in Sources */ = {isa = PBXBuildFile; fileRef = 3BA9D8A11BF881D7005C162F /* ViewController.m */; };
		3BA9D8A51BF881D7005C162F /* Main.storyboard in Resources */ = {isa = PBXBuildFile; fileRef = 3BA9D8A31BF881D7005C162F /* Main.storyboard */; };
		3BA9D8A71BF881D7005C162F /* Assets.xcassets in Resources */ = {isa = PBXBuildFile; fileRef = 3BA9D8A61BF881D7005C162F /* Assets.xcassets */; };
		3BA9D8AA1BF881D7005C162F /* LaunchScreen.storyboard in Resources */ = {isa = PBXBuildFile; fileRef = 3BA9D8A81BF881D7005C162F /* LaunchScreen.storyboard */; };
		3BA9D8B51BF88210005C162F /* city.plist in Resources */ = {isa = PBXBuildFile; fileRef = 3BA9D8B21BF88210005C162F /* city.plist */; };
		3BA9D8B61BF88210005C162F /* PSCityPickerView.m in Sources */ = {isa = PBXBuildFile; fileRef = 3BA9D8B41BF88210005C162F /* PSCityPickerView.m */; };
/* End PBXBuildFile section */

/* Begin PBXFileReference section */
		3BA9D8971BF881D7005C162F /* PSCityPickerViewDemo.app */ = {isa = PBXFileReference; explicitFileType = wrapper.application; includeInIndex = 0; path = PSCityPickerViewDemo.app; sourceTree = BUILT_PRODUCTS_DIR; };
		3BA9D89B1BF881D7005C162F /* main.m */ = {isa = PBXFileReference; lastKnownFileType = sourcecode.c.objc; path = main.m; sourceTree = "<group>"; };
		3BA9D89D1BF881D7005C162F /* AppDelegate.h */ = {isa = PBXFileReference; lastKnownFileType = sourcecode.c.h; path = AppDelegate.h; sourceTree = "<group>"; };
		3BA9D89E1BF881D7005C162F /* AppDelegate.m */ = {isa = PBXFileReference; lastKnownFileType = sourcecode.c.objc; path = AppDelegate.m; sourceTree = "<group>"; };
		3BA9D8A01BF881D7005C162F /* ViewController.h */ = {isa = PBXFileReference; lastKnownFileType = sourcecode.c.h; path = ViewController.h; sourceTree = "<group>"; };
		3BA9D8A11BF881D7005C162F /* ViewController.m */ = {isa = PBXFileReference; lastKnownFileType = sourcecode.c.objc; path = ViewController.m; sourceTree = "<group>"; };
		3BA9D8A41BF881D7005C162F /* Base */ = {isa = PBXFileReference; lastKnownFileType = file.storyboard; name = Base; path = Base.lproj/Main.storyboard; sourceTree = "<group>"; };
		3BA9D8A61BF881D7005C162F /* Assets.xcassets */ = {isa = PBXFileReference; lastKnownFileType = folder.assetcatalog; path = Assets.xcassets; sourceTree = "<group>"; };
		3BA9D8A91BF881D7005C162F /* Base */ = {isa = PBXFileReference; lastKnownFileType = file.storyboard; name = Base; path = Base.lproj/LaunchScreen.storyboard; sourceTree = "<group>"; };
		3BA9D8AB1BF881D7005C162F /* Info.plist */ = {isa = PBXFileReference; lastKnownFileType = text.plist.xml; path = Info.plist; sourceTree = "<group>"; };
		3BA9D8B21BF88210005C162F /* city.plist */ = {isa = PBXFileReference; fileEncoding = 4; lastKnownFileType = text.plist.xml; path = city.plist; sourceTree = "<group>"; };
		3BA9D8B31BF88210005C162F /* PSCityPickerView.h */ = {isa = PBXFileReference; fileEncoding = 4; lastKnownFileType = sourcecode.c.h; path = PSCityPickerView.h; sourceTree = "<group>"; };
		3BA9D8B41BF88210005C162F /* PSCityPickerView.m */ = {isa = PBXFileReference; fileEncoding = 4; lastKnownFileType = sourcecode.c.objc; path = PSCityPickerView.m; sourceTree = "<group>"; };
/* End PBXFileReference section */

/* Begin PBXFrameworksBuildPhase section */
		3BA9D8941BF881D7005C162F /* Frameworks */ = {
			isa = PBXFrameworksBuildPhase;
			buildActionMask = 2147483647;
			files = (
			);
			runOnlyForDeploymentPostprocessing = 0;
		};
/* End PBXFrameworksBuildPhase section */

/* Begin PBXGroup section */
		3BA9D88E1BF881D7005C162F = {
			isa = PBXGroup;
			children = (
				3BA9D8991BF881D7005C162F /* PSCityPickerViewDemo */,
				3BA9D8981BF881D7005C162F /* Products */,
			);
			sourceTree = "<group>";
		};
		3BA9D8981BF881D7005C162F /* Products */ = {
			isa = PBXGroup;
			children = (
				3BA9D8971BF881D7005C162F /* PSCityPickerViewDemo.app */,
			);
			name = Products;
			sourceTree = "<group>";
		};
		3BA9D8991BF881D7005C162F /* PSCityPickerViewDemo */ = {
			isa = PBXGroup;
			children = (
				3BA9D8A31BF881D7005C162F /* Main.storyboard */,
				3BA9D8A61BF881D7005C162F /* Assets.xcassets */,
				3BA9D8A01BF881D7005C162F /* ViewController.h */,
				3BA9D8A11BF881D7005C162F /* ViewController.m */,
				3BA9D8B11BF88210005C162F /* PSCityPickerView */,
				3BA9D89A1BF881D7005C162F /* Supporting Files */,
			);
			path = PSCityPickerViewDemo;
			sourceTree = "<group>";
		};
		3BA9D89A1BF881D7005C162F /* Supporting Files */ = {
			isa = PBXGroup;
			children = (
				3BA9D8A81BF881D7005C162F /* LaunchScreen.storyboard */,
				3BA9D8AB1BF881D7005C162F /* Info.plist */,
				3BA9D89D1BF881D7005C162F /* AppDelegate.h */,
				3BA9D89E1BF881D7005C162F /* AppDelegate.m */,
				3BA9D89B1BF881D7005C162F /* main.m */,
			);
			name = "Supporting Files";
			sourceTree = "<group>";
		};
		3BA9D8B11BF88210005C162F /* PSCityPickerView */ = {
			isa = PBXGroup;
			children = (
				3BA9D8B21BF88210005C162F /* city.plist */,
				3BA9D8B31BF88210005C162F /* PSCityPickerView.h */,
				3BA9D8B41BF88210005C162F /* PSCityPickerView.m */,
			);
			path = PSCityPickerView;
			sourceTree = SOURCE_ROOT;
		};
/* End PBXGroup section */

/* Begin PBXNativeTarget section */
		3BA9D8961BF881D7005C162F /* PSCityPickerViewDemo */ = {
			isa = PBXNativeTarget;
			buildConfigurationList = 3BA9D8AE1BF881D7005C162F /* Build configuration list for PBXNativeTarget "PSCityPickerViewDemo" */;
			buildPhases = (
				3BA9D8931BF881D7005C162F /* Sources */,
				3BA9D8941BF881D7005C162F /* Frameworks */,
				3BA9D8951BF881D7005C162F /* Resources */,
			);
			buildRules = (
			);
			dependencies = (
			);
			name = PSCityPickerViewDemo;
			productName = PSCityPickerViewDemo;
			productReference = 3BA9D8971BF881D7005C162F /* PSCityPickerViewDemo.app */;
			productType = "com.apple.product-type.application";
		};
/* End PBXNativeTarget section */

/* Begin PBXProject section */
		3BA9D88F1BF881D7005C162F /* Project object */ = {
			isa = PBXProject;
			attributes = {
				LastUpgradeCheck = 0710;
				ORGANIZATIONNAME = Shengpan;
				TargetAttributes = {
					3BA9D8961BF881D7005C162F = {
						CreatedOnToolsVersion = 7.1;
					};
				};
			};
			buildConfigurationList = 3BA9D8921BF881D7005C162F /* Build configuration list for PBXProject "PSCityPickerViewDemo" */;
			compatibilityVersion = "Xcode 3.2";
			developmentRegion = English;
			hasScannedForEncodings = 0;
			knownRegions = (
				en,
				Base,
			);
			mainGroup = 3BA9D88E1BF881D7005C162F;
			productRefGroup = 3BA9D8981BF881D7005C162F /* Products */;
			projectDirPath = "";
			projectRoot = "";
			targets = (
				3BA9D8961BF881D7005C162F /* PSCityPickerViewDemo */,
			);
		};
/* End PBXProject section */

/* Begin PBXResourcesBuildPhase section */
		3BA9D8951BF881D7005C162F /* Resources */ = {
			isa = PBXResourcesBuildPhase;
			buildActionMask = 2147483647;
			files = (
				3BA9D8AA1BF881D7005C162F /* LaunchScreen.storyboard in Resources */,
				3BA9D8B51BF88210005C162F /* city.plist in Resources */,
				3BA9D8A71BF881D7005C162F /* Assets.xcassets in Resources */,
				3BA9D8A51BF881D7005C162F /* Main.storyboard in Resources */,
			);
			runOnlyForDeploymentPostprocessing = 0;
		};
/* End PBXResourcesBuildPhase section */

/* Begin PBXSourcesBuildPhase section */
		3BA9D8931BF881D7005C162F /* Sources */ = {
			isa = PBXSourcesBuildPhase;
			buildActionMask = 2147483647;
			files = (
				3BA9D8A21BF881D7005C162F /* ViewController.m in Sources */,
				3BA9D89F1BF881D7005C162F /* AppDelegate.m in Sources */,
				3BA9D8B61BF88210005C162F /* PSCityPickerView.m in Sources */,
				3BA9D89C1BF881D7005C162F /* main.m in Sources */,
			);
			runOnlyForDeploymentPostprocessing = 0;
		};
/* End PBXSourcesBuildPhase section */

/* Begin PBXVariantGroup section */
		3BA9D8A31BF881D7005C162F /* Main.storyboard */ = {
			isa = PBXVariantGroup;
			children = (
				3BA9D8A41BF881D7005C162F /* Base */,
			);
			name = Main.storyboard;
			sourceTree = "<group>";
		};
		3BA9D8A81BF881D7005C162F /* LaunchScreen.storyboard */ = {
			isa = PBXVariantGroup;
			children = (
				3BA9D8A91BF881D7005C162F /* Base */,
			);
			name = LaunchScreen.storyboard;
			sourceTree = "<group>";
		};
/* End PBXVariantGroup section */

/* Begin XCBuildConfiguration section */
		3BA9D8AC1BF881D7005C162F /* Debug */ = {
			isa = XCBuildConfiguration;
			buildSettings = {
				ALWAYS_SEARCH_USER_PATHS = NO;
				CLANG_CXX_LANGUAGE_STANDARD = "gnu++0x";
				CLANG_CXX_LIBRARY = "libc++";
				CLANG_ENABLE_MODULES = YES;
				CLANG_ENABLE_OBJC_ARC = YES;
				CLANG_WARN_BOOL_CONVERSION = YES;
				CLANG_WARN_CONSTANT_CONVERSION = YES;
				CLANG_WARN_DIRECT_OBJC_ISA_USAGE = YES_ERROR;
				CLANG_WARN_EMPTY_BODY = YES;
				CLANG_WARN_ENUM_CONVERSION = YES;
				CLANG_WARN_INT_CONVERSION = YES;
				CLANG_WARN_OBJC_ROOT_CLASS = YES_ERROR;
				CLANG_WARN_UNREACHABLE_CODE = YES;
				CLANG_WARN__DUPLICATE_METHOD_MATCH = YES;
				"CODE_SIGN_IDENTITY[sdk=iphoneos*]" = "iPhone Developer";
				COPY_PHASE_STRIP = NO;
				DEBUG_INFORMATION_FORMAT = dwarf;
				ENABLE_STRICT_OBJC_MSGSEND = YES;
				ENABLE_TESTABILITY = YES;
				GCC_C_LANGUAGE_STANDARD = gnu99;
				GCC_DYNAMIC_NO_PIC = NO;
				GCC_NO_COMMON_BLOCKS = YES;
				GCC_OPTIMIZATION_LEVEL = 0;
				GCC_PREPROCESSOR_DEFINITIONS = (
					"DEBUG=1",
					"$(inherited)",
				);
				GCC_WARN_64_TO_32_BIT_CONVERSION = YES;
				GCC_WARN_ABOUT_RETURN_TYPE = YES_ERROR;
				GCC_WARN_UNDECLARED_SELECTOR = YES;
				GCC_WARN_UNINITIALIZED_AUTOS = YES_AGGRESSIVE;
				GCC_WARN_UNUSED_FUNCTION = YES;
				GCC_WARN_UNUSED_VARIABLE = YES;
				IPHONEOS_DEPLOYMENT_TARGET = 9.1;
				MTL_ENABLE_DEBUG_INFO = YES;
				ONLY_ACTIVE_ARCH = YES;
				SDKROOT = iphoneos;
			};
			name = Debug;
		};
		3BA9D8AD1BF881D7005C162F /* Release */ = {
			isa = XCBuildConfiguration;
			buildSettings = {
				ALWAYS_SEARCH_USER_PATHS = NO;
				CLANG_CXX_LANGUAGE_STANDARD = "gnu++0x";
				CLANG_CXX_LIBRARY = "libc++";
				CLANG_ENABLE_MODULES = YES;
				CLANG_ENABLE_OBJC_ARC = YES;
				CLANG_WARN_BOOL_CONVERSION = YES;
				CLANG_WARN_CONSTANT_CONVERSION = YES;
				CLANG_WARN_DIRECT_OBJC_ISA_USAGE = YES_ERROR;
				CLANG_WARN_EMPTY_BODY = YES;
				CLANG_WARN_ENUM_CONVERSION = YES;
				CLANG_WARN_INT_CONVERSION = YES;
				CLANG_WARN_OBJC_ROOT_CLASS = YES_ERROR;
				CLANG_WARN_UNREACHABLE_CODE = YES;
				CLANG_WARN__DUPLICATE_METHOD_MATCH = YES;
				"CODE_SIGN_IDENTITY[sdk=iphoneos*]" = "iPhone Developer";
				COPY_PHASE_STRIP = NO;
				DEBUG_INFORMATION_FORMAT = "dwarf-with-dsym";
				ENABLE_NS_ASSERTIONS = NO;
				ENABLE_STRICT_OBJC_MSGSEND = YES;
				GCC_C_LANGUAGE_STANDARD = gnu99;
				GCC_NO_COMMON_BLOCKS = YES;
				GCC_WARN_64_TO_32_BIT_CONVERSION = YES;
				GCC_WARN_ABOUT_RETURN_TYPE = YES_ERROR;
				GCC_WARN_UNDECLARED_SELECTOR = YES;
				GCC_WARN_UNINITIALIZED_AUTOS = YES_AGGRESSIVE;
				GCC_WARN_UNUSED_FUNCTION = YES;
				GCC_WARN_UNUSED_VARIABLE = YES;
				IPHONEOS_DEPLOYMENT_TARGET = 9.1;
				MTL_ENABLE_DEBUG_INFO = NO;
				SDKROOT = iphoneos;
				VALIDATE_PRODUCT = YES;
			};
			name = Release;
		};
		3BA9D8AF1BF881D7005C162F /* Debug */ = {
			isa = XCBuildConfiguration;
			buildSettings = {
				ASSETCATALOG_COMPILER_APPICON_NAME = AppIcon;
				INFOPLIST_FILE = PSCityPickerViewDemo/Info.plist;
				LD_RUNPATH_SEARCH_PATHS = "$(inherited) @executable_path/Frameworks";
				PRODUCT_BUNDLE_IDENTIFIER = com.hengtiansoft.PSCityPickerViewDemo;
				PRODUCT_NAME = "$(TARGET_NAME)";
			};
			name = Debug;
		};
		3BA9D8B01BF881D7005C162F /* Release */ = {
			isa = XCBuildConfiguration;
			buildSettings = {
				ASSETCATALOG_COMPILER_APPICON_NAME = AppIcon;
				INFOPLIST_FILE = PSCityPickerViewDemo/Info.plist;
				LD_RUNPATH_SEARCH_PATHS = "$(inherited) @executable_path/Frameworks";
				PRODUCT_BUNDLE_IDENTIFIER = com.hengtiansoft.PSCityPickerViewDemo;
				PRODUCT_NAME = "$(TARGET_NAME)";
			};
			name = Release;
		};
/* End XCBuildConfiguration section */

/* Begin XCConfigurationList section */
		3BA9D8921BF881D7005C162F /* Build configuration list for PBXProject "PSCityPickerViewDemo" */ = {
			isa = XCConfigurationList;
			buildConfigurations = (
				3BA9D8AC1BF881D7005C162F /* Debug */,
				3BA9D8AD1BF881D7005C162F /* Release */,
			);
			defaultConfigurationIsVisible = 0;
			defaultConfigurationName = Release;
		};
		3BA9D8AE1BF881D7005C162F /* Build configuration list for PBXNativeTarget "PSCityPickerViewDemo" */ = {
			isa = XCConfigurationList;
			buildConfigurations = (
				3BA9D8AF1BF881D7005C162F /* Debug */,
				3BA9D8B01BF881D7005C162F /* Release */,
			);
			defaultConfigurationIsVisible = 0;
		};
/* End XCConfigurationList section */
	};
	rootObject = 3BA9D88F1BF881D7005C162F /* Project object */;
}
